// !$*UTF8*$!
{
	archiveVersion = 1;
	classes = {
	};
	objectVersion = 51;
	objects = {

/* Begin PBXBuildFile section */
		3714EDAB26829E0D00BCD8B0 /* CindyWagerDetailView.storyboard in Resources */ = {isa = PBXBuildFile; fileRef = 3714EDAA26829E0D00BCD8B0 /* CindyWagerDetailView.storyboard */; };
		379162AE268523380059184F /* Wager.swift in Sources */ = {isa = PBXBuildFile; fileRef = 379162AD268523380059184F /* Wager.swift */; };
		379162B0268523450059184F /* WagerController.swift in Sources */ = {isa = PBXBuildFile; fileRef = 379162AF268523450059184F /* WagerController.swift */; };
		379162B226852D2D0059184F /* DatabaseError.swift in Sources */ = {isa = PBXBuildFile; fileRef = 379162B126852D2D0059184F /* DatabaseError.swift */; };
		37A1BE12267AAE260044FA88 /* Cindy.storyboard in Resources */ = {isa = PBXBuildFile; fileRef = 37A1BE11267AAE260044FA88 /* Cindy.storyboard */; };
		37AFFC302683E9650088E2C6 /* WagerDetailViewController.swift in Sources */ = {isa = PBXBuildFile; fileRef = 37AFFC2F2683E9650088E2C6 /* WagerDetailViewController.swift */; };
		37AFFC322683E9900088E2C6 /* CreateWagerViewController.swift in Sources */ = {isa = PBXBuildFile; fileRef = 37AFFC312683E9900088E2C6 /* CreateWagerViewController.swift */; };
		37B87E63268E1D0E00EAD4FE /* InviteFriends.storyboard in Resources */ = {isa = PBXBuildFile; fileRef = 37B87E62268E1D0E00EAD4FE /* InviteFriends.storyboard */; };
		37B87E65268E1EDD00EAD4FE /* InviteFriendsTableViewCell.swift in Sources */ = {isa = PBXBuildFile; fileRef = 37B87E64268E1EDD00EAD4FE /* InviteFriendsTableViewCell.swift */; };
		37B87E67268E201B00EAD4FE /* InviteFriendsListTableViewController.swift in Sources */ = {isa = PBXBuildFile; fileRef = 37B87E66268E201B00EAD4FE /* InviteFriendsListTableViewController.swift */; };
		37B87E69268E352300EAD4FE /* ApproveRejectFriends.storyboard in Resources */ = {isa = PBXBuildFile; fileRef = 37B87E68268E352300EAD4FE /* ApproveRejectFriends.storyboard */; };
		37B87E6B268E3D4B00EAD4FE /* AcceptRejectFriendsViewController.swift in Sources */ = {isa = PBXBuildFile; fileRef = 37B87E6A268E3D4B00EAD4FE /* AcceptRejectFriendsViewController.swift */; };
		37DFDDE1267A58CA0055AF6C /* AppDelegate.swift in Sources */ = {isa = PBXBuildFile; fileRef = 37DFDDE0267A58CA0055AF6C /* AppDelegate.swift */; };
		37DFDDE3267A58CA0055AF6C /* SceneDelegate.swift in Sources */ = {isa = PBXBuildFile; fileRef = 37DFDDE2267A58CA0055AF6C /* SceneDelegate.swift */; };
		37DFDDE8267A58CA0055AF6C /* Main.storyboard in Resources */ = {isa = PBXBuildFile; fileRef = 37DFDDE6267A58CA0055AF6C /* Main.storyboard */; };
		37DFDDEA267A58CC0055AF6C /* Assets.xcassets in Resources */ = {isa = PBXBuildFile; fileRef = 37DFDDE9267A58CC0055AF6C /* Assets.xcassets */; };
		37DFDDED267A58CC0055AF6C /* LaunchScreen.storyboard in Resources */ = {isa = PBXBuildFile; fileRef = 37DFDDEB267A58CC0055AF6C /* LaunchScreen.storyboard */; };
		490B11C326827BD00009BE1C /* WagerCollectionViewCell.swift in Sources */ = {isa = PBXBuildFile; fileRef = 490B11C226827BD00009BE1C /* WagerCollectionViewCell.swift */; };
		490B11C726827FD10009BE1C /* WagerCollectionViewController.swift in Sources */ = {isa = PBXBuildFile; fileRef = 490B11C626827FD10009BE1C /* WagerCollectionViewController.swift */; };
		9B188EF7267A71E40020DA62 /* GoogleService-Info.plist in Resources */ = {isa = PBXBuildFile; fileRef = 9B188EF6267A71E40020DA62 /* GoogleService-Info.plist */; };
		9B3247FB267DBB0A00C16040 /* Constants.swift in Sources */ = {isa = PBXBuildFile; fileRef = 9B3247FA267DBB0A00C16040 /* Constants.swift */; };
		9B4E9598267AB24100DA223F /* Friends.storyboard in Resources */ = {isa = PBXBuildFile; fileRef = 9B4E9597267AB24100DA223F /* Friends.storyboard */; };
		9B4E959B267AB25100DA223F /* Rishi.storyboard in Resources */ = {isa = PBXBuildFile; fileRef = 9B4E959A267AB25100DA223F /* Rishi.storyboard */; };
		9B4E959F267AFB1500DA223F /* User.swift in Sources */ = {isa = PBXBuildFile; fileRef = 9B4E959E267AFB1500DA223F /* User.swift */; };
		9B4E95A2267AFB3500DA223F /* UserController.swift in Sources */ = {isa = PBXBuildFile; fileRef = 9B4E95A1267AFB3500DA223F /* UserController.swift */; };
		9B4E95A8267BDD8300DA223F /* LoginViewController.swift in Sources */ = {isa = PBXBuildFile; fileRef = 9B4E95A7267BDD8300DA223F /* LoginViewController.swift */; };
		9B4E95C5267C531600DA223F /* Utilities.swift in Sources */ = {isa = PBXBuildFile; fileRef = 9B4E95C4267C531600DA223F /* Utilities.swift */; };
		9B52ABDA268D0A7D002D7B42 /* ProfileViewController.swift in Sources */ = {isa = PBXBuildFile; fileRef = 9B52ABD9268D0A7D002D7B42 /* ProfileViewController.swift */; };
		9B52ABDD268D0ACD002D7B42 /* BlockedUsersViewController.swift in Sources */ = {isa = PBXBuildFile; fileRef = 9B52ABDC268D0ACD002D7B42 /* BlockedUsersViewController.swift */; };
		9B52ABE0268D0B1C002D7B42 /* BlockedUserTableViewCell.swift in Sources */ = {isa = PBXBuildFile; fileRef = 9B52ABDF268D0B1C002D7B42 /* BlockedUserTableViewCell.swift */; };
		9B541515268B7B05000D5445 /* tiffany.storyboard in Resources */ = {isa = PBXBuildFile; fileRef = 9B541514268B7B05000D5445 /* tiffany.storyboard */; };
		9B71CAB6267ECC6100B99D3B /* UserTableViewCell.swift in Sources */ = {isa = PBXBuildFile; fileRef = 9B71CAB5267ECC6100B99D3B /* UserTableViewCell.swift */; };
		9BD4F4242682B330004BA786 /* FriendsTableViewController.swift in Sources */ = {isa = PBXBuildFile; fileRef = 9BD4F4232682B330004BA786 /* FriendsTableViewController.swift */; };
		CBDC54F172441C5A591A98C9 /* Pods_accounta_bill_a_buddy.framework in Frameworks */ = {isa = PBXBuildFile; fileRef = D27AB9544D9BF153A47BC7E2 /* Pods_accounta_bill_a_buddy.framework */; };
/* End PBXBuildFile section */

/* Begin PBXFileReference section */
		34C0B45614B92C455E86C369 /* Pods-accounta-bill-a-buddy.release.xcconfig */ = {isa = PBXFileReference; includeInIndex = 1; lastKnownFileType = text.xcconfig; name = "Pods-accounta-bill-a-buddy.release.xcconfig"; path = "Target Support Files/Pods-accounta-bill-a-buddy/Pods-accounta-bill-a-buddy.release.xcconfig"; sourceTree = "<group>"; };
		3714EDAA26829E0D00BCD8B0 /* CindyWagerDetailView.storyboard */ = {isa = PBXFileReference; lastKnownFileType = file.storyboard; path = CindyWagerDetailView.storyboard; sourceTree = "<group>"; };
		379162AD268523380059184F /* Wager.swift */ = {isa = PBXFileReference; lastKnownFileType = sourcecode.swift; path = Wager.swift; sourceTree = "<group>"; };
		379162AF268523450059184F /* WagerController.swift */ = {isa = PBXFileReference; lastKnownFileType = sourcecode.swift; path = WagerController.swift; sourceTree = "<group>"; };
		379162B126852D2D0059184F /* DatabaseError.swift */ = {isa = PBXFileReference; lastKnownFileType = sourcecode.swift; path = DatabaseError.swift; sourceTree = "<group>"; };
		37A1BE11267AAE260044FA88 /* Cindy.storyboard */ = {isa = PBXFileReference; lastKnownFileType = file.storyboard; path = Cindy.storyboard; sourceTree = "<group>"; };
		37AFFC2F2683E9650088E2C6 /* WagerDetailViewController.swift */ = {isa = PBXFileReference; lastKnownFileType = sourcecode.swift; path = WagerDetailViewController.swift; sourceTree = "<group>"; };
		37AFFC312683E9900088E2C6 /* CreateWagerViewController.swift */ = {isa = PBXFileReference; lastKnownFileType = sourcecode.swift; path = CreateWagerViewController.swift; sourceTree = "<group>"; };
		37B87E62268E1D0E00EAD4FE /* InviteFriends.storyboard */ = {isa = PBXFileReference; lastKnownFileType = file.storyboard; path = InviteFriends.storyboard; sourceTree = "<group>"; };
		37B87E64268E1EDD00EAD4FE /* InviteFriendsTableViewCell.swift */ = {isa = PBXFileReference; lastKnownFileType = sourcecode.swift; path = InviteFriendsTableViewCell.swift; sourceTree = "<group>"; };
		37B87E66268E201B00EAD4FE /* InviteFriendsListTableViewController.swift */ = {isa = PBXFileReference; lastKnownFileType = sourcecode.swift; path = InviteFriendsListTableViewController.swift; sourceTree = "<group>"; };
		37B87E68268E352300EAD4FE /* ApproveRejectFriends.storyboard */ = {isa = PBXFileReference; lastKnownFileType = file.storyboard; path = ApproveRejectFriends.storyboard; sourceTree = "<group>"; };
		37B87E6A268E3D4B00EAD4FE /* AcceptRejectFriendsViewController.swift */ = {isa = PBXFileReference; lastKnownFileType = sourcecode.swift; path = AcceptRejectFriendsViewController.swift; sourceTree = "<group>"; };
		37DFDDDD267A58CA0055AF6C /* accounta-bill-a-buddy.app */ = {isa = PBXFileReference; explicitFileType = wrapper.application; includeInIndex = 0; path = "accounta-bill-a-buddy.app"; sourceTree = BUILT_PRODUCTS_DIR; };
		37DFDDE0267A58CA0055AF6C /* AppDelegate.swift */ = {isa = PBXFileReference; lastKnownFileType = sourcecode.swift; path = AppDelegate.swift; sourceTree = "<group>"; };
		37DFDDE2267A58CA0055AF6C /* SceneDelegate.swift */ = {isa = PBXFileReference; lastKnownFileType = sourcecode.swift; path = SceneDelegate.swift; sourceTree = "<group>"; };
		37DFDDE7267A58CA0055AF6C /* Base */ = {isa = PBXFileReference; lastKnownFileType = file.storyboard; name = Base; path = Base.lproj/Main.storyboard; sourceTree = "<group>"; };
		37DFDDE9267A58CC0055AF6C /* Assets.xcassets */ = {isa = PBXFileReference; lastKnownFileType = folder.assetcatalog; path = Assets.xcassets; sourceTree = "<group>"; };
		37DFDDEC267A58CC0055AF6C /* Base */ = {isa = PBXFileReference; lastKnownFileType = file.storyboard; name = Base; path = Base.lproj/LaunchScreen.storyboard; sourceTree = "<group>"; };
		37DFDDEE267A58CC0055AF6C /* Info.plist */ = {isa = PBXFileReference; lastKnownFileType = text.plist.xml; path = Info.plist; sourceTree = "<group>"; };
		490B11C226827BD00009BE1C /* WagerCollectionViewCell.swift */ = {isa = PBXFileReference; lastKnownFileType = sourcecode.swift; path = WagerCollectionViewCell.swift; sourceTree = "<group>"; };
		490B11C626827FD10009BE1C /* WagerCollectionViewController.swift */ = {isa = PBXFileReference; lastKnownFileType = sourcecode.swift; path = WagerCollectionViewController.swift; sourceTree = "<group>"; };
		9B188EF6267A71E40020DA62 /* GoogleService-Info.plist */ = {isa = PBXFileReference; fileEncoding = 4; lastKnownFileType = text.plist.xml; path = "GoogleService-Info.plist"; sourceTree = "<group>"; };
		9B3247FA267DBB0A00C16040 /* Constants.swift */ = {isa = PBXFileReference; lastKnownFileType = sourcecode.swift; path = Constants.swift; sourceTree = "<group>"; };
		9B4E9597267AB24100DA223F /* Friends.storyboard */ = {isa = PBXFileReference; lastKnownFileType = file.storyboard; path = Friends.storyboard; sourceTree = "<group>"; };
		9B4E959A267AB25100DA223F /* Rishi.storyboard */ = {isa = PBXFileReference; lastKnownFileType = file.storyboard; path = Rishi.storyboard; sourceTree = "<group>"; };
		9B4E959E267AFB1500DA223F /* User.swift */ = {isa = PBXFileReference; lastKnownFileType = sourcecode.swift; path = User.swift; sourceTree = "<group>"; };
		9B4E95A1267AFB3500DA223F /* UserController.swift */ = {isa = PBXFileReference; lastKnownFileType = sourcecode.swift; path = UserController.swift; sourceTree = "<group>"; };
		9B4E95A7267BDD8300DA223F /* LoginViewController.swift */ = {isa = PBXFileReference; lastKnownFileType = sourcecode.swift; path = LoginViewController.swift; sourceTree = "<group>"; };
		9B4E95C4267C531600DA223F /* Utilities.swift */ = {isa = PBXFileReference; lastKnownFileType = sourcecode.swift; path = Utilities.swift; sourceTree = "<group>"; };
		9B52ABD9268D0A7D002D7B42 /* ProfileViewController.swift */ = {isa = PBXFileReference; lastKnownFileType = sourcecode.swift; path = ProfileViewController.swift; sourceTree = "<group>"; };
		9B52ABDC268D0ACD002D7B42 /* BlockedUsersViewController.swift */ = {isa = PBXFileReference; lastKnownFileType = sourcecode.swift; path = BlockedUsersViewController.swift; sourceTree = "<group>"; };
		9B52ABDF268D0B1C002D7B42 /* BlockedUserTableViewCell.swift */ = {isa = PBXFileReference; lastKnownFileType = sourcecode.swift; path = BlockedUserTableViewCell.swift; sourceTree = "<group>"; };
		9B541514268B7B05000D5445 /* tiffany.storyboard */ = {isa = PBXFileReference; lastKnownFileType = file.storyboard; path = tiffany.storyboard; sourceTree = "<group>"; };
		9B71CAB5267ECC6100B99D3B /* UserTableViewCell.swift */ = {isa = PBXFileReference; lastKnownFileType = sourcecode.swift; path = UserTableViewCell.swift; sourceTree = "<group>"; };
		9BD4F4232682B330004BA786 /* FriendsTableViewController.swift */ = {isa = PBXFileReference; lastKnownFileType = sourcecode.swift; path = FriendsTableViewController.swift; sourceTree = "<group>"; };
		C57BA52408FAC3D45A5C2D3C /* Pods-accounta-bill-a-buddy.debug.xcconfig */ = {isa = PBXFileReference; includeInIndex = 1; lastKnownFileType = text.xcconfig; name = "Pods-accounta-bill-a-buddy.debug.xcconfig"; path = "Target Support Files/Pods-accounta-bill-a-buddy/Pods-accounta-bill-a-buddy.debug.xcconfig"; sourceTree = "<group>"; };
		D27AB9544D9BF153A47BC7E2 /* Pods_accounta_bill_a_buddy.framework */ = {isa = PBXFileReference; explicitFileType = wrapper.framework; includeInIndex = 0; path = Pods_accounta_bill_a_buddy.framework; sourceTree = BUILT_PRODUCTS_DIR; };
/* End PBXFileReference section */

/* Begin PBXFrameworksBuildPhase section */
		37DFDDDA267A58CA0055AF6C /* Frameworks */ = {
			isa = PBXFrameworksBuildPhase;
			buildActionMask = 2147483647;
			files = (
				CBDC54F172441C5A591A98C9 /* Pods_accounta_bill_a_buddy.framework in Frameworks */,
			);
			runOnlyForDeploymentPostprocessing = 0;
		};
/* End PBXFrameworksBuildPhase section */

/* Begin PBXGroup section */
		37A1BE10267AAE120044FA88 /* cindystoryboard */ = {
			isa = PBXGroup;
			children = (
				37A1BE11267AAE260044FA88 /* Cindy.storyboard */,
				3714EDAA26829E0D00BCD8B0 /* CindyWagerDetailView.storyboard */,
				37B87E62268E1D0E00EAD4FE /* InviteFriends.storyboard */,
				37B87E68268E352300EAD4FE /* ApproveRejectFriends.storyboard */,
			);
			path = cindystoryboard;
			sourceTree = "<group>";
		};
		37DFDDD4267A58CA0055AF6C = {
			isa = PBXGroup;
			children = (
				37DFDDDF267A58CA0055AF6C /* accounta-bill-a-buddy */,
				37DFDDDE267A58CA0055AF6C /* Products */,
				A0E886B66907148A0F974A00 /* Pods */,
				AF8736ACE14488E11FCBD84D /* Frameworks */,
			);
			sourceTree = "<group>";
		};
		37DFDDDE267A58CA0055AF6C /* Products */ = {
			isa = PBXGroup;
			children = (
				37DFDDDD267A58CA0055AF6C /* accounta-bill-a-buddy.app */,
			);
			name = Products;
			sourceTree = "<group>";
		};
		37DFDDDF267A58CA0055AF6C /* accounta-bill-a-buddy */ = {
			isa = PBXGroup;
			children = (
				37DFDDF6267A59680055AF6C /* Models */,
				37DFDDF7267A596B0055AF6C /* Controllers */,
				37DFDDF5267A59630055AF6C /* Views */,
				9B4E9594267AB16800DA223F /* Team Storyboards */,
				37DFDDFC267A59940055AF6C /* Extensions+Helpers */,
				37DFDDF4267A590F0055AF6C /* Resources */,
			);
			path = "accounta-bill-a-buddy";
			sourceTree = "<group>";
		};
		37DFDDF4267A590F0055AF6C /* Resources */ = {
			isa = PBXGroup;
			children = (
				37DFDDE0267A58CA0055AF6C /* AppDelegate.swift */,
				37DFDDE2267A58CA0055AF6C /* SceneDelegate.swift */,
				37DFDDE9267A58CC0055AF6C /* Assets.xcassets */,
				37DFDDEE267A58CC0055AF6C /* Info.plist */,
				9B188EF6267A71E40020DA62 /* GoogleService-Info.plist */,
			);
			path = Resources;
			sourceTree = "<group>";
		};
		37DFDDF5267A59630055AF6C /* Views */ = {
			isa = PBXGroup;
			children = (
				37DFDDFB267A59870055AF6C /* Custom Views */,
				37DFDDFA267A59820055AF6C /* Storyboards */,
			);
			path = Views;
			sourceTree = "<group>";
		};
		37DFDDF6267A59680055AF6C /* Models */ = {
			isa = PBXGroup;
			children = (
				9B4E959E267AFB1500DA223F /* User.swift */,
				379162AD268523380059184F /* Wager.swift */,
			);
			path = Models;
			sourceTree = "<group>";
		};
		37DFDDF7267A596B0055AF6C /* Controllers */ = {
			isa = PBXGroup;
			children = (
				37DFDDF8267A59720055AF6C /* Model Controllers */,
				37DFDDF9267A59780055AF6C /* View Controllers */,
			);
			path = Controllers;
			sourceTree = "<group>";
		};
		37DFDDF8267A59720055AF6C /* Model Controllers */ = {
			isa = PBXGroup;
			children = (
				9B4E95A1267AFB3500DA223F /* UserController.swift */,
				379162AF268523450059184F /* WagerController.swift */,
			);
			path = "Model Controllers";
			sourceTree = "<group>";
		};
		37DFDDF9267A59780055AF6C /* View Controllers */ = {
			isa = PBXGroup;
			children = (
				9BFD8DAB26859F71005F3174 /* UserAuth&FriendSystem */,
				490B11C626827FD10009BE1C /* WagerCollectionViewController.swift */,
				37AFFC2F2683E9650088E2C6 /* WagerDetailViewController.swift */,
				37AFFC312683E9900088E2C6 /* CreateWagerViewController.swift */,
				37B87E64268E1EDD00EAD4FE /* InviteFriendsTableViewCell.swift */,
				37B87E66268E201B00EAD4FE /* InviteFriendsListTableViewController.swift */,
				37B87E6A268E3D4B00EAD4FE /* AcceptRejectFriendsViewController.swift */,
			);
			path = "View Controllers";
			sourceTree = "<group>";
		};
		37DFDDFA267A59820055AF6C /* Storyboards */ = {
			isa = PBXGroup;
			children = (
				37DFDDE6267A58CA0055AF6C /* Main.storyboard */,
				37DFDDEB267A58CC0055AF6C /* LaunchScreen.storyboard */,
			);
			path = Storyboards;
			sourceTree = "<group>";
		};
		37DFDDFB267A59870055AF6C /* Custom Views */ = {
			isa = PBXGroup;
			children = (
				9B71CAB5267ECC6100B99D3B /* UserTableViewCell.swift */,
				9B52ABDF268D0B1C002D7B42 /* BlockedUserTableViewCell.swift */,
				490B11C226827BD00009BE1C /* WagerCollectionViewCell.swift */,
			);
			path = "Custom Views";
			sourceTree = "<group>";
		};
		37DFDDFC267A59940055AF6C /* Extensions+Helpers */ = {
			isa = PBXGroup;
			children = (
				9B4E95C4267C531600DA223F /* Utilities.swift */,
				9B3247FA267DBB0A00C16040 /* Constants.swift */,
				379162B126852D2D0059184F /* DatabaseError.swift */,
			);
			path = "Extensions+Helpers";
			sourceTree = "<group>";
		};
		9B4E9594267AB16800DA223F /* Team Storyboards */ = {
			isa = PBXGroup;
			children = (
				9B541513268B7ACF000D5445 /* tiffanystoryboard */,
				9B4E9596267AB1CF00DA223F /* rishistoryboard */,
				9B4E9595267AB1BA00DA223F /* jennystoryboard */,
				37A1BE10267AAE120044FA88 /* cindystoryboard */,
			);
			path = "Team Storyboards";
			sourceTree = "<group>";
		};
		9B4E9595267AB1BA00DA223F /* jennystoryboard */ = {
			isa = PBXGroup;
			children = (
				9B4E9597267AB24100DA223F /* Friends.storyboard */,
			);
			path = jennystoryboard;
			sourceTree = "<group>";
		};
		9B4E9596267AB1CF00DA223F /* rishistoryboard */ = {
			isa = PBXGroup;
			children = (
				9B4E959A267AB25100DA223F /* Rishi.storyboard */,
			);
			path = rishistoryboard;
			sourceTree = "<group>";
		};
		9B541513268B7ACF000D5445 /* tiffanystoryboard */ = {
			isa = PBXGroup;
			children = (
				9B541514268B7B05000D5445 /* tiffany.storyboard */,
			);
			path = tiffanystoryboard;
			sourceTree = "<group>";
		};
		9BFD8DAB26859F71005F3174 /* UserAuth&FriendSystem */ = {
			isa = PBXGroup;
			children = (
				9B4E95A7267BDD8300DA223F /* LoginViewController.swift */,
				9BD4F4232682B330004BA786 /* FriendsTableViewController.swift */,
				9B52ABD9268D0A7D002D7B42 /* ProfileViewController.swift */,
				9B52ABDC268D0ACD002D7B42 /* BlockedUsersViewController.swift */,
			);
			path = "UserAuth&FriendSystem";
			sourceTree = "<group>";
		};
		A0E886B66907148A0F974A00 /* Pods */ = {
			isa = PBXGroup;
			children = (
				C57BA52408FAC3D45A5C2D3C /* Pods-accounta-bill-a-buddy.debug.xcconfig */,
				34C0B45614B92C455E86C369 /* Pods-accounta-bill-a-buddy.release.xcconfig */,
			);
			path = Pods;
			sourceTree = "<group>";
		};
		AF8736ACE14488E11FCBD84D /* Frameworks */ = {
			isa = PBXGroup;
			children = (
				D27AB9544D9BF153A47BC7E2 /* Pods_accounta_bill_a_buddy.framework */,
			);
			name = Frameworks;
			sourceTree = "<group>";
		};
/* End PBXGroup section */

/* Begin PBXNativeTarget section */
		37DFDDDC267A58CA0055AF6C /* accounta-bill-a-buddy */ = {
			isa = PBXNativeTarget;
			buildConfigurationList = 37DFDDF1267A58CC0055AF6C /* Build configuration list for PBXNativeTarget "accounta-bill-a-buddy" */;
			buildPhases = (
				E69AE37DF3CB7CAB13BC25F1 /* [CP] Check Pods Manifest.lock */,
				37DFDDD9267A58CA0055AF6C /* Sources */,
				37DFDDDA267A58CA0055AF6C /* Frameworks */,
				37DFDDDB267A58CA0055AF6C /* Resources */,
				FC05D6D7E5F8F5B1BA55AF80 /* [CP] Embed Pods Frameworks */,
			);
			buildRules = (
			);
			dependencies = (
			);
			name = "accounta-bill-a-buddy";
			productName = "accounta-bill-a-buddy";
			productReference = 37DFDDDD267A58CA0055AF6C /* accounta-bill-a-buddy.app */;
			productType = "com.apple.product-type.application";
		};
/* End PBXNativeTarget section */

/* Begin PBXProject section */
		37DFDDD5267A58CA0055AF6C /* Project object */ = {
			isa = PBXProject;
			attributes = {
				LastSwiftUpdateCheck = 1250;
				LastUpgradeCheck = 1250;
				TargetAttributes = {
					37DFDDDC267A58CA0055AF6C = {
						CreatedOnToolsVersion = 12.5;
					};
				};
			};
			buildConfigurationList = 37DFDDD8267A58CA0055AF6C /* Build configuration list for PBXProject "accounta-bill-a-buddy" */;
			compatibilityVersion = "Xcode 9.3";
			developmentRegion = en;
			hasScannedForEncodings = 0;
			knownRegions = (
				en,
				Base,
			);
			mainGroup = 37DFDDD4267A58CA0055AF6C;
			productRefGroup = 37DFDDDE267A58CA0055AF6C /* Products */;
			projectDirPath = "";
			projectRoot = "";
			targets = (
				37DFDDDC267A58CA0055AF6C /* accounta-bill-a-buddy */,
			);
		};
/* End PBXProject section */

/* Begin PBXResourcesBuildPhase section */
		37DFDDDB267A58CA0055AF6C /* Resources */ = {
			isa = PBXResourcesBuildPhase;
			buildActionMask = 2147483647;
			files = (
				37DFDDED267A58CC0055AF6C /* LaunchScreen.storyboard in Resources */,
				3714EDAB26829E0D00BCD8B0 /* CindyWagerDetailView.storyboard in Resources */,
				9B4E9598267AB24100DA223F /* Friends.storyboard in Resources */,
				9B541515268B7B05000D5445 /* tiffany.storyboard in Resources */,
				9B4E959B267AB25100DA223F /* Rishi.storyboard in Resources */,
				37B87E63268E1D0E00EAD4FE /* InviteFriends.storyboard in Resources */,
				9B188EF7267A71E40020DA62 /* GoogleService-Info.plist in Resources */,
				37DFDDEA267A58CC0055AF6C /* Assets.xcassets in Resources */,
				37DFDDE8267A58CA0055AF6C /* Main.storyboard in Resources */,
				37B87E69268E352300EAD4FE /* ApproveRejectFriends.storyboard in Resources */,
				37A1BE12267AAE260044FA88 /* Cindy.storyboard in Resources */,
			);
			runOnlyForDeploymentPostprocessing = 0;
		};
/* End PBXResourcesBuildPhase section */

/* Begin PBXShellScriptBuildPhase section */
		E69AE37DF3CB7CAB13BC25F1 /* [CP] Check Pods Manifest.lock */ = {
			isa = PBXShellScriptBuildPhase;
			buildActionMask = 2147483647;
			files = (
			);
			inputFileListPaths = (
			);
			inputPaths = (
				"${PODS_PODFILE_DIR_PATH}/Podfile.lock",
				"${PODS_ROOT}/Manifest.lock",
			);
			name = "[CP] Check Pods Manifest.lock";
			outputFileListPaths = (
			);
			outputPaths = (
				"$(DERIVED_FILE_DIR)/Pods-accounta-bill-a-buddy-checkManifestLockResult.txt",
			);
			runOnlyForDeploymentPostprocessing = 0;
			shellPath = /bin/sh;
			shellScript = "diff \"${PODS_PODFILE_DIR_PATH}/Podfile.lock\" \"${PODS_ROOT}/Manifest.lock\" > /dev/null\nif [ $? != 0 ] ; then\n    # print error to STDERR\n    echo \"error: The sandbox is not in sync with the Podfile.lock. Run 'pod install' or update your CocoaPods installation.\" >&2\n    exit 1\nfi\n# This output is used by Xcode 'outputs' to avoid re-running this script phase.\necho \"SUCCESS\" > \"${SCRIPT_OUTPUT_FILE_0}\"\n";
			showEnvVarsInLog = 0;
		};
		FC05D6D7E5F8F5B1BA55AF80 /* [CP] Embed Pods Frameworks */ = {
			isa = PBXShellScriptBuildPhase;
			buildActionMask = 2147483647;
			files = (
			);
			inputFileListPaths = (
				"${PODS_ROOT}/Target Support Files/Pods-accounta-bill-a-buddy/Pods-accounta-bill-a-buddy-frameworks-${CONFIGURATION}-input-files.xcfilelist",
			);
			name = "[CP] Embed Pods Frameworks";
			outputFileListPaths = (
				"${PODS_ROOT}/Target Support Files/Pods-accounta-bill-a-buddy/Pods-accounta-bill-a-buddy-frameworks-${CONFIGURATION}-output-files.xcfilelist",
			);
			runOnlyForDeploymentPostprocessing = 0;
			shellPath = /bin/sh;
			shellScript = "\"${PODS_ROOT}/Target Support Files/Pods-accounta-bill-a-buddy/Pods-accounta-bill-a-buddy-frameworks.sh\"\n";
			showEnvVarsInLog = 0;
		};
/* End PBXShellScriptBuildPhase section */

/* Begin PBXSourcesBuildPhase section */
		37DFDDD9267A58CA0055AF6C /* Sources */ = {
			isa = PBXSourcesBuildPhase;
			buildActionMask = 2147483647;
			files = (
				9B71CAB6267ECC6100B99D3B /* UserTableViewCell.swift in Sources */,
				9B4E95A2267AFB3500DA223F /* UserController.swift in Sources */,
				9BD4F4242682B330004BA786 /* FriendsTableViewController.swift in Sources */,
				37B87E65268E1EDD00EAD4FE /* InviteFriendsTableViewCell.swift in Sources */,
				37B87E67268E201B00EAD4FE /* InviteFriendsListTableViewController.swift in Sources */,
				490B11C326827BD00009BE1C /* WagerCollectionViewCell.swift in Sources */,
				37AFFC322683E9900088E2C6 /* CreateWagerViewController.swift in Sources */,
				37B87E6B268E3D4B00EAD4FE /* AcceptRejectFriendsViewController.swift in Sources */,
				379162B226852D2D0059184F /* DatabaseError.swift in Sources */,
				9B52ABDA268D0A7D002D7B42 /* ProfileViewController.swift in Sources */,
				9B52ABE0268D0B1C002D7B42 /* BlockedUserTableViewCell.swift in Sources */,
				37DFDDE1267A58CA0055AF6C /* AppDelegate.swift in Sources */,
				9B4E959F267AFB1500DA223F /* User.swift in Sources */,
				9B4E95A8267BDD8300DA223F /* LoginViewController.swift in Sources */,
				37AFFC302683E9650088E2C6 /* WagerDetailViewController.swift in Sources */,
				37DFDDE3267A58CA0055AF6C /* SceneDelegate.swift in Sources */,
				379162B0268523450059184F /* WagerController.swift in Sources */,
				9B52ABDD268D0ACD002D7B42 /* BlockedUsersViewController.swift in Sources */,
				379162AE268523380059184F /* Wager.swift in Sources */,
				9B4E95C5267C531600DA223F /* Utilities.swift in Sources */,
				9B3247FB267DBB0A00C16040 /* Constants.swift in Sources */,
				490B11C726827FD10009BE1C /* WagerCollectionViewController.swift in Sources */,
			);
			runOnlyForDeploymentPostprocessing = 0;
		};
/* End PBXSourcesBuildPhase section */

/* Begin PBXVariantGroup section */
		37DFDDE6267A58CA0055AF6C /* Main.storyboard */ = {
			isa = PBXVariantGroup;
			children = (
				37DFDDE7267A58CA0055AF6C /* Base */,
			);
			name = Main.storyboard;
			sourceTree = "<group>";
		};
		37DFDDEB267A58CC0055AF6C /* LaunchScreen.storyboard */ = {
			isa = PBXVariantGroup;
			children = (
				37DFDDEC267A58CC0055AF6C /* Base */,
			);
			name = LaunchScreen.storyboard;
			sourceTree = "<group>";
		};
/* End PBXVariantGroup section */

/* Begin XCBuildConfiguration section */
		37DFDDEF267A58CC0055AF6C /* Debug */ = {
			isa = XCBuildConfiguration;
			buildSettings = {
				ALWAYS_SEARCH_USER_PATHS = NO;
				CLANG_ANALYZER_NONNULL = YES;
				CLANG_ANALYZER_NUMBER_OBJECT_CONVERSION = YES_AGGRESSIVE;
				CLANG_CXX_LANGUAGE_STANDARD = "gnu++14";
				CLANG_CXX_LIBRARY = "libc++";
				CLANG_ENABLE_MODULES = YES;
				CLANG_ENABLE_OBJC_ARC = YES;
				CLANG_ENABLE_OBJC_WEAK = YES;
				CLANG_WARN_BLOCK_CAPTURE_AUTORELEASING = YES;
				CLANG_WARN_BOOL_CONVERSION = YES;
				CLANG_WARN_COMMA = YES;
				CLANG_WARN_CONSTANT_CONVERSION = YES;
				CLANG_WARN_DEPRECATED_OBJC_IMPLEMENTATIONS = YES;
				CLANG_WARN_DIRECT_OBJC_ISA_USAGE = YES_ERROR;
				CLANG_WARN_DOCUMENTATION_COMMENTS = YES;
				CLANG_WARN_EMPTY_BODY = YES;
				CLANG_WARN_ENUM_CONVERSION = YES;
				CLANG_WARN_INFINITE_RECURSION = YES;
				CLANG_WARN_INT_CONVERSION = YES;
				CLANG_WARN_NON_LITERAL_NULL_CONVERSION = YES;
				CLANG_WARN_OBJC_IMPLICIT_RETAIN_SELF = YES;
				CLANG_WARN_OBJC_LITERAL_CONVERSION = YES;
				CLANG_WARN_OBJC_ROOT_CLASS = YES_ERROR;
				CLANG_WARN_QUOTED_INCLUDE_IN_FRAMEWORK_HEADER = YES;
				CLANG_WARN_RANGE_LOOP_ANALYSIS = YES;
				CLANG_WARN_STRICT_PROTOTYPES = YES;
				CLANG_WARN_SUSPICIOUS_MOVE = YES;
				CLANG_WARN_UNGUARDED_AVAILABILITY = YES_AGGRESSIVE;
				CLANG_WARN_UNREACHABLE_CODE = YES;
				CLANG_WARN__DUPLICATE_METHOD_MATCH = YES;
				COPY_PHASE_STRIP = NO;
				DEBUG_INFORMATION_FORMAT = dwarf;
				ENABLE_STRICT_OBJC_MSGSEND = YES;
				ENABLE_TESTABILITY = YES;
				GCC_C_LANGUAGE_STANDARD = gnu11;
				GCC_DYNAMIC_NO_PIC = NO;
				GCC_NO_COMMON_BLOCKS = YES;
				GCC_OPTIMIZATION_LEVEL = 0;
				GCC_PREPROCESSOR_DEFINITIONS = (
					"DEBUG=1",
					"$(inherited)",
				);
				GCC_WARN_64_TO_32_BIT_CONVERSION = YES;
				GCC_WARN_ABOUT_RETURN_TYPE = YES_ERROR;
				GCC_WARN_UNDECLARED_SELECTOR = YES;
				GCC_WARN_UNINITIALIZED_AUTOS = YES_AGGRESSIVE;
				GCC_WARN_UNUSED_FUNCTION = YES;
				GCC_WARN_UNUSED_VARIABLE = YES;
				IPHONEOS_DEPLOYMENT_TARGET = 14.5;
				MTL_ENABLE_DEBUG_INFO = INCLUDE_SOURCE;
				MTL_FAST_MATH = YES;
				ONLY_ACTIVE_ARCH = YES;
				SDKROOT = iphoneos;
				SWIFT_ACTIVE_COMPILATION_CONDITIONS = DEBUG;
				SWIFT_OPTIMIZATION_LEVEL = "-Onone";
			};
			name = Debug;
		};
		37DFDDF0267A58CC0055AF6C /* Release */ = {
			isa = XCBuildConfiguration;
			buildSettings = {
				ALWAYS_SEARCH_USER_PATHS = NO;
				CLANG_ANALYZER_NONNULL = YES;
				CLANG_ANALYZER_NUMBER_OBJECT_CONVERSION = YES_AGGRESSIVE;
				CLANG_CXX_LANGUAGE_STANDARD = "gnu++14";
				CLANG_CXX_LIBRARY = "libc++";
				CLANG_ENABLE_MODULES = YES;
				CLANG_ENABLE_OBJC_ARC = YES;
				CLANG_ENABLE_OBJC_WEAK = YES;
				CLANG_WARN_BLOCK_CAPTURE_AUTORELEASING = YES;
				CLANG_WARN_BOOL_CONVERSION = YES;
				CLANG_WARN_COMMA = YES;
				CLANG_WARN_CONSTANT_CONVERSION = YES;
				CLANG_WARN_DEPRECATED_OBJC_IMPLEMENTATIONS = YES;
				CLANG_WARN_DIRECT_OBJC_ISA_USAGE = YES_ERROR;
				CLANG_WARN_DOCUMENTATION_COMMENTS = YES;
				CLANG_WARN_EMPTY_BODY = YES;
				CLANG_WARN_ENUM_CONVERSION = YES;
				CLANG_WARN_INFINITE_RECURSION = YES;
				CLANG_WARN_INT_CONVERSION = YES;
				CLANG_WARN_NON_LITERAL_NULL_CONVERSION = YES;
				CLANG_WARN_OBJC_IMPLICIT_RETAIN_SELF = YES;
				CLANG_WARN_OBJC_LITERAL_CONVERSION = YES;
				CLANG_WARN_OBJC_ROOT_CLASS = YES_ERROR;
				CLANG_WARN_QUOTED_INCLUDE_IN_FRAMEWORK_HEADER = YES;
				CLANG_WARN_RANGE_LOOP_ANALYSIS = YES;
				CLANG_WARN_STRICT_PROTOTYPES = YES;
				CLANG_WARN_SUSPICIOUS_MOVE = YES;
				CLANG_WARN_UNGUARDED_AVAILABILITY = YES_AGGRESSIVE;
				CLANG_WARN_UNREACHABLE_CODE = YES;
				CLANG_WARN__DUPLICATE_METHOD_MATCH = YES;
				COPY_PHASE_STRIP = NO;
				DEBUG_INFORMATION_FORMAT = "dwarf-with-dsym";
				ENABLE_NS_ASSERTIONS = NO;
				ENABLE_STRICT_OBJC_MSGSEND = YES;
				GCC_C_LANGUAGE_STANDARD = gnu11;
				GCC_NO_COMMON_BLOCKS = YES;
				GCC_WARN_64_TO_32_BIT_CONVERSION = YES;
				GCC_WARN_ABOUT_RETURN_TYPE = YES_ERROR;
				GCC_WARN_UNDECLARED_SELECTOR = YES;
				GCC_WARN_UNINITIALIZED_AUTOS = YES_AGGRESSIVE;
				GCC_WARN_UNUSED_FUNCTION = YES;
				GCC_WARN_UNUSED_VARIABLE = YES;
				IPHONEOS_DEPLOYMENT_TARGET = 14.5;
				MTL_ENABLE_DEBUG_INFO = NO;
				MTL_FAST_MATH = YES;
				SDKROOT = iphoneos;
				SWIFT_COMPILATION_MODE = wholemodule;
				SWIFT_OPTIMIZATION_LEVEL = "-O";
				VALIDATE_PRODUCT = YES;
			};
			name = Release;
		};
		37DFDDF2267A58CC0055AF6C /* Debug */ = {
			isa = XCBuildConfiguration;
			baseConfigurationReference = C57BA52408FAC3D45A5C2D3C /* Pods-accounta-bill-a-buddy.debug.xcconfig */;
			buildSettings = {
				ASSETCATALOG_COMPILER_APPICON_NAME = AppIcon;
				ASSETCATALOG_COMPILER_GLOBAL_ACCENT_COLOR_NAME = AccentColor;
				CODE_SIGN_STYLE = Automatic;
				INFOPLIST_FILE = "accounta-bill-a-buddy/Resources/Info.plist";
				IPHONEOS_DEPLOYMENT_TARGET = 14.4;
				LD_RUNPATH_SEARCH_PATHS = (
					"$(inherited)",
					"@executable_path/Frameworks",
				);
				PRODUCT_BUNDLE_IDENTIFIER = "com.ios39.accounta-bill-a-buddy";
				PRODUCT_NAME = "$(TARGET_NAME)";
				SWIFT_VERSION = 5.0;
				TARGETED_DEVICE_FAMILY = "1,2";
			};
			name = Debug;
		};
		37DFDDF3267A58CC0055AF6C /* Release */ = {
			isa = XCBuildConfiguration;
			baseConfigurationReference = 34C0B45614B92C455E86C369 /* Pods-accounta-bill-a-buddy.release.xcconfig */;
			buildSettings = {
				ASSETCATALOG_COMPILER_APPICON_NAME = AppIcon;
				ASSETCATALOG_COMPILER_GLOBAL_ACCENT_COLOR_NAME = AccentColor;
				CODE_SIGN_STYLE = Automatic;
				INFOPLIST_FILE = "accounta-bill-a-buddy/Resources/Info.plist";
				IPHONEOS_DEPLOYMENT_TARGET = 14.4;
				LD_RUNPATH_SEARCH_PATHS = (
					"$(inherited)",
					"@executable_path/Frameworks",
				);
				PRODUCT_BUNDLE_IDENTIFIER = "com.ios39.accounta-bill-a-buddy";
				PRODUCT_NAME = "$(TARGET_NAME)";
				SWIFT_VERSION = 5.0;
				TARGETED_DEVICE_FAMILY = "1,2";
			};
			name = Release;
		};
/* End XCBuildConfiguration section */

/* Begin XCConfigurationList section */
		37DFDDD8267A58CA0055AF6C /* Build configuration list for PBXProject "accounta-bill-a-buddy" */ = {
			isa = XCConfigurationList;
			buildConfigurations = (
				37DFDDEF267A58CC0055AF6C /* Debug */,
				37DFDDF0267A58CC0055AF6C /* Release */,
			);
			defaultConfigurationIsVisible = 0;
			defaultConfigurationName = Release;
		};
		37DFDDF1267A58CC0055AF6C /* Build configuration list for PBXNativeTarget "accounta-bill-a-buddy" */ = {
			isa = XCConfigurationList;
			buildConfigurations = (
				37DFDDF2267A58CC0055AF6C /* Debug */,
				37DFDDF3267A58CC0055AF6C /* Release */,
			);
			defaultConfigurationIsVisible = 0;
			defaultConfigurationName = Release;
		};
/* End XCConfigurationList section */
	};
	rootObject = 37DFDDD5267A58CA0055AF6C /* Project object */;
}
